
Microsoft Visual Studio Solution File, Format Version 12.00
# Visual Studio Version 17
VisualStudioVersion = 17.0.32014.148
MinimumVisualStudioVersion = 10.0.40219.1
Project("{9A19103F-16F7-4668-BE54-9A1E7A4F7556}") = "Log.Data", "Log.Data\Log.Data.csproj", "{216F70D7-C587-44ED-B460-C1F8579AFEC9}"
EndProject
Global
	GlobalSection(SolutionConfigurationPlatforms) = preSolution
		Debug|Any CPU = Debug|Any CPU
		Release|Any CPU = Release|Any CPU
	EndGlobalSection
	GlobalSection(ProjectConfigurationPlatforms) = postSolution
		{216F70D7-C587-44ED-B460-C1F8579AFEC9}.Debug|Any CPU.ActiveCfg = Debug|Any CPU
		{216F70D7-C587-44ED-B460-C1F8579AFEC9}.Debug|Any CPU.Build.0 = Debug|Any CPU
		{216F70D7-C587-44ED-B460-C1F8579AFEC9}.Release|Any CPU.ActiveCfg = Release|Any CPU
		{216F70D7-C587-44ED-B460-C1F8579AFEC9}.Release|Any CPU.Build.0 = Release|Any CPU
	EndGlobalSection
	GlobalSection(SolutionProperties) = preSolution
		HideSolutionNode = FALSE
	EndGlobalSection
	GlobalSection(ExtensibilityGlobals) = postSolution
		SolutionGuid = {083E63FB-FCB2-4C7A-80AC-A35F7943E456}
	EndGlobalSection
EndGlobal
